
Microsoft Visual Studio Solution File, Format Version 12.00
# Visual Studio 15
VisualStudioVersion = 15.0.28307.438
MinimumVisualStudioVersion = 10.0.40219.1
Project("{FAE04EC0-301F-11D3-BF4B-00C04F79EFBC}") = "Lab11", "Lab11\Lab11.csproj", "{F47F8576-E684-4620-B1BA-FA59E0794473}"
EndProject
Global
	GlobalSection(SolutionConfigurationPlatforms) = preSolution
		Debug|Any CPU = Debug|Any CPU
		Release|Any CPU = Release|Any CPU
	EndGlobalSection
	GlobalSection(ProjectConfigurationPlatforms) = postSolution
		{F47F8576-E684-4620-B1BA-FA59E0794473}.Debug|Any CPU.ActiveCfg = Debug|Any CPU
		{F47F8576-E684-4620-B1BA-FA59E0794473}.Debug|Any CPU.Build.0 = Debug|Any CPU
		{F47F8576-E684-4620-B1BA-FA59E0794473}.Release|Any CPU.ActiveCfg = Release|Any CPU
		{F47F8576-E684-4620-B1BA-FA59E0794473}.Release|Any CPU.Build.0 = Release|Any CPU
	EndGlobalSection
	GlobalSection(SolutionProperties) = preSolution
		HideSolutionNode = FALSE
	EndGlobalSection
	GlobalSection(ExtensibilityGlobals) = postSolution
		SolutionGuid = {803E8D6A-A13A-4BD0-84CD-6A7BB69686D7}
	EndGlobalSection
EndGlobal
