
Microsoft Visual Studio Solution File, Format Version 12.00
# Visual Studio 15
VisualStudioVersion = 15.0.28307.438
MinimumVisualStudioVersion = 10.0.40219.1
Project("{FAE04EC0-301F-11D3-BF4B-00C04F79EFBC}") = "Lab13", "Lab13\Lab13.csproj", "{CF550DBB-9E6B-473C-83BF-22052F7D1DDE}"
EndProject
Global
	GlobalSection(SolutionConfigurationPlatforms) = preSolution
		Debug|Any CPU = Debug|Any CPU
		Release|Any CPU = Release|Any CPU
	EndGlobalSection
	GlobalSection(ProjectConfigurationPlatforms) = postSolution
		{CF550DBB-9E6B-473C-83BF-22052F7D1DDE}.Debug|Any CPU.ActiveCfg = Debug|Any CPU
		{CF550DBB-9E6B-473C-83BF-22052F7D1DDE}.Debug|Any CPU.Build.0 = Debug|Any CPU
		{CF550DBB-9E6B-473C-83BF-22052F7D1DDE}.Release|Any CPU.ActiveCfg = Release|Any CPU
		{CF550DBB-9E6B-473C-83BF-22052F7D1DDE}.Release|Any CPU.Build.0 = Release|Any CPU
	EndGlobalSection
	GlobalSection(SolutionProperties) = preSolution
		HideSolutionNode = FALSE
	EndGlobalSection
	GlobalSection(ExtensibilityGlobals) = postSolution
		SolutionGuid = {B3ED99D0-7780-4CA9-B2BF-9B65DFDE757F}
	EndGlobalSection
EndGlobal
