
Microsoft Visual Studio Solution File, Format Version 12.00
# Visual Studio 15
VisualStudioVersion = 15.0.28307.438
MinimumVisualStudioVersion = 10.0.40219.1
Project("{FAE04EC0-301F-11D3-BF4B-00C04F79EFBC}") = "Lab06.Editor", "Lab06.Editor\Lab06.Editor.csproj", "{00ACFAD7-BAEC-4CC4-9CE6-D0B366D6955D}"
EndProject
Global
	GlobalSection(SolutionConfigurationPlatforms) = preSolution
		Debug|Any CPU = Debug|Any CPU
		Release|Any CPU = Release|Any CPU
	EndGlobalSection
	GlobalSection(ProjectConfigurationPlatforms) = postSolution
		{00ACFAD7-BAEC-4CC4-9CE6-D0B366D6955D}.Debug|Any CPU.ActiveCfg = Debug|Any CPU
		{00ACFAD7-BAEC-4CC4-9CE6-D0B366D6955D}.Debug|Any CPU.Build.0 = Debug|Any CPU
		{00ACFAD7-BAEC-4CC4-9CE6-D0B366D6955D}.Release|Any CPU.ActiveCfg = Release|Any CPU
		{00ACFAD7-BAEC-4CC4-9CE6-D0B366D6955D}.Release|Any CPU.Build.0 = Release|Any CPU
	EndGlobalSection
	GlobalSection(SolutionProperties) = preSolution
		HideSolutionNode = FALSE
	EndGlobalSection
	GlobalSection(ExtensibilityGlobals) = postSolution
		SolutionGuid = {2BE82776-DF1B-40F6-923E-4B5061F1B5F9}
	EndGlobalSection
EndGlobal
